PODS:
  - Expecta (1.0.6)
  - OCHamcrest (7.1.1)
  - OCMockito (5.1.1):
    - OCHamcrest (~> 7.0)
  - Protobuf (3.8.0)
  - Specta (1.0.7)
  - Textile (0.0.1-dev):
    - Protobuf (~> 3.7)
    - TextileCore (= 0.7.6)
  - TextileCore (0.7.6):
    - Protobuf (~> 3.7)

DEPENDENCIES:
  - Expecta
  - OCMockito
  - Specta
  - Textile (from `../`)

SPEC REPOS:
  https://github.com/CocoaPods/Specs.git:
    - Expecta
    - OCHamcrest
    - OCMockito
    - Protobuf
    - Specta
    - TextileCore

EXTERNAL SOURCES:
  Textile:
    :path: "../"

SPEC CHECKSUMS:
  Expecta: 3b6bd90a64b9a1dcb0b70aa0e10a7f8f631667d5
  OCHamcrest: 3506736397451c35d8763ff0a9b13492e544115f
  OCMockito: eccb29c256cbdd6c7bc206718cbb06ef737daa8b
  Protobuf: 3f617b9a6e73605565086864c9bc26b2bf2dd5a3
  Specta: 3e1bd89c3517421982dc4d1c992503e48bd5fe66
  Textile: 6129bd5c6c13e8cc2b3ebc9e6653b957243f7152
  TextileCore: 92cb0377365b6808135c4081808239cd92d9bc97

PODFILE CHECKSUM: 831e3c2f0befac6187a7502d4972fac52964b261

COCOAPODS: 1.7.5
