// !$*UTF8*$!
{
	archiveVersion = 1;
	classes = {
	};
	objectVersion = 50;
	objects = {

/* Begin PBXBuildFile section */
		9344F55D222898A30006798F /* AccountApi.m in Sources */ = {isa = PBXBuildFile; fileRef = 9344F55C222898A30006798F /* AccountApi.m */; };
		9344F6652228A40B0006798F /* GPBCodedInputStream.m in Sources */ = {isa = PBXBuildFile; fileRef = 9344F62D2228A4080006798F /* GPBCodedInputStream.m */; settings = {COMPILER_FLAGS = "-fno-objc-arc"; }; };
		9344F6662228A40B0006798F /* GPBCodedOutputStream.m in Sources */ = {isa = PBXBuildFile; fileRef = 9344F62E2228A4080006798F /* GPBCodedOutputStream.m */; settings = {COMPILER_FLAGS = "-fno-objc-arc"; }; };
		9344F6672228A40B0006798F /* GPBUnknownField.m in Sources */ = {isa = PBXBuildFile; fileRef = 9344F6322228A4080006798F /* GPBUnknownField.m */; settings = {COMPILER_FLAGS = "-fno-objc-arc"; }; };
		9344F6682228A40B0006798F /* GPBUtilities.m in Sources */ = {isa = PBXBuildFile; fileRef = 9344F6332228A4090006798F /* GPBUtilities.m */; settings = {COMPILER_FLAGS = "-fno-objc-arc"; }; };
		9344F6692228A40B0006798F /* GPBDescriptor.m in Sources */ = {isa = PBXBuildFile; fileRef = 9344F6382228A4090006798F /* GPBDescriptor.m */; settings = {COMPILER_FLAGS = "-fno-objc-arc"; }; };
		9344F66A2228A40B0006798F /* GPBRootObject.m in Sources */ = {isa = PBXBuildFile; fileRef = 9344F6392228A4090006798F /* GPBRootObject.m */; settings = {COMPILER_FLAGS = "-fno-objc-arc"; }; };
		9344F66B2228A40B0006798F /* GPBArray.m in Sources */ = {isa = PBXBuildFile; fileRef = 9344F63A2228A4090006798F /* GPBArray.m */; settings = {COMPILER_FLAGS = "-fno-objc-arc"; }; };
		9344F66C2228A40B0006798F /* GPBWellKnownTypes.m in Sources */ = {isa = PBXBuildFile; fileRef = 9344F63D2228A4090006798F /* GPBWellKnownTypes.m */; settings = {COMPILER_FLAGS = "-fno-objc-arc"; }; };
		9344F66D2228A40B0006798F /* GPBDictionary.m in Sources */ = {isa = PBXBuildFile; fileRef = 9344F63E2228A4090006798F /* GPBDictionary.m */; settings = {COMPILER_FLAGS = "-fno-objc-arc"; }; };
		9344F66E2228A40B0006798F /* GPBMessage.m in Sources */ = {isa = PBXBuildFile; fileRef = 9344F6412228A4090006798F /* GPBMessage.m */; settings = {COMPILER_FLAGS = "-fno-objc-arc"; }; };
		9344F66F2228A40B0006798F /* GPBExtensionRegistry.m in Sources */ = {isa = PBXBuildFile; fileRef = 9344F6422228A4090006798F /* GPBExtensionRegistry.m */; settings = {COMPILER_FLAGS = "-fno-objc-arc"; }; };
		9344F6702228A40B0006798F /* GPBExtensionInternals.m in Sources */ = {isa = PBXBuildFile; fileRef = 9344F6432228A40A0006798F /* GPBExtensionInternals.m */; settings = {COMPILER_FLAGS = "-fno-objc-arc"; }; };
		9344F6712228A40B0006798F /* GPBWireFormat.m in Sources */ = {isa = PBXBuildFile; fileRef = 9344F6452228A40A0006798F /* GPBWireFormat.m */; settings = {COMPILER_FLAGS = "-fno-objc-arc"; }; };
		9344F6722228A40B0006798F /* GPBUnknownFieldSet.m in Sources */ = {isa = PBXBuildFile; fileRef = 9344F6462228A40A0006798F /* GPBUnknownFieldSet.m */; settings = {COMPILER_FLAGS = "-fno-objc-arc"; }; };
		9344F6732228A40B0006798F /* Type.pbobjc.m in Sources */ = {isa = PBXBuildFile; fileRef = 9344F64B2228A40A0006798F /* Type.pbobjc.m */; settings = {COMPILER_FLAGS = "-fno-objc-arc"; }; };
		9344F6742228A40B0006798F /* Timestamp.pbobjc.m in Sources */ = {isa = PBXBuildFile; fileRef = 9344F64C2228A40A0006798F /* Timestamp.pbobjc.m */; settings = {COMPILER_FLAGS = "-fno-objc-arc"; }; };
		9344F6752228A40B0006798F /* Any.pbobjc.m in Sources */ = {isa = PBXBuildFile; fileRef = 9344F6502228A40A0006798F /* Any.pbobjc.m */; settings = {COMPILER_FLAGS = "-fno-objc-arc"; }; };
		9344F6762228A40B0006798F /* SourceContext.pbobjc.m in Sources */ = {isa = PBXBuildFile; fileRef = 9344F6552228A40A0006798F /* SourceContext.pbobjc.m */; settings = {COMPILER_FLAGS = "-fno-objc-arc"; }; };
		9344F6772228A40B0006798F /* Api.pbobjc.m in Sources */ = {isa = PBXBuildFile; fileRef = 9344F6562228A40A0006798F /* Api.pbobjc.m */; settings = {COMPILER_FLAGS = "-fno-objc-arc"; }; };
		9344F6782228A40B0006798F /* Duration.pbobjc.m in Sources */ = {isa = PBXBuildFile; fileRef = 9344F6592228A40A0006798F /* Duration.pbobjc.m */; settings = {COMPILER_FLAGS = "-fno-objc-arc"; }; };
		9344F6792228A40B0006798F /* Wrappers.pbobjc.m in Sources */ = {isa = PBXBuildFile; fileRef = 9344F65A2228A40A0006798F /* Wrappers.pbobjc.m */; settings = {COMPILER_FLAGS = "-fno-objc-arc"; }; };
		9344F67A2228A40B0006798F /* Empty.pbobjc.m in Sources */ = {isa = PBXBuildFile; fileRef = 9344F65B2228A40A0006798F /* Empty.pbobjc.m */; settings = {COMPILER_FLAGS = "-fno-objc-arc"; }; };
		9344F67B2228A40B0006798F /* FieldMask.pbobjc.m in Sources */ = {isa = PBXBuildFile; fileRef = 9344F65D2228A40A0006798F /* FieldMask.pbobjc.m */; settings = {COMPILER_FLAGS = "-fno-objc-arc"; }; };
		9344F67C2228A40B0006798F /* Struct.pbobjc.m in Sources */ = {isa = PBXBuildFile; fileRef = 9344F65E2228A40A0006798F /* Struct.pbobjc.m */; settings = {COMPILER_FLAGS = "-fno-objc-arc"; }; };
		9344F67F2228AD360006798F /* Messenger.m in Sources */ = {isa = PBXBuildFile; fileRef = 9344F67E2228AD360006798F /* Messenger.m */; };
		9344F6822228B3D10006798F /* Callback.m in Sources */ = {isa = PBXBuildFile; fileRef = 9344F6812228B3D10006798F /* Callback.m */; };
		9344F6852228BF840006798F /* ApiModule.m in Sources */ = {isa = PBXBuildFile; fileRef = 9344F6842228BF840006798F /* ApiModule.m */; };
		9344F6872228C7390006798F /* libTextile.a in Frameworks */ = {isa = PBXBuildFile; fileRef = 93C5330922284BD2008DA154 /* libTextile.a */; };
		9344F68A2228C83A0006798F /* CafesApi.m in Sources */ = {isa = PBXBuildFile; fileRef = 9344F6892228C83A0006798F /* CafesApi.m */; };
		9344F69C22298C960006798F /* ThreadsService.pbobjc.m in Sources */ = {isa = PBXBuildFile; fileRef = 9344F68D22298C960006798F /* ThreadsService.pbobjc.m */; settings = {COMPILER_FLAGS = "-fno-objc-arc"; }; };
		9344F69D22298C960006798F /* Message.pbobjc.m in Sources */ = {isa = PBXBuildFile; fileRef = 9344F69022298C960006798F /* Message.pbobjc.m */; settings = {COMPILER_FLAGS = "-fno-objc-arc"; }; };
		9344F69E22298C960006798F /* Model.pbobjc.m in Sources */ = {isa = PBXBuildFile; fileRef = 9344F69222298C960006798F /* Model.pbobjc.m */; settings = {COMPILER_FLAGS = "-fno-objc-arc"; }; };
		9344F69F22298C960006798F /* View.pbobjc.m in Sources */ = {isa = PBXBuildFile; fileRef = 9344F69322298C960006798F /* View.pbobjc.m */; settings = {COMPILER_FLAGS = "-fno-objc-arc"; }; };
		9344F6A022298C960006798F /* Query.pbobjc.m in Sources */ = {isa = PBXBuildFile; fileRef = 9344F69422298C960006798F /* Query.pbobjc.m */; settings = {COMPILER_FLAGS = "-fno-objc-arc"; }; };
		9344F6A122298C960006798F /* Mobile.pbobjc.m in Sources */ = {isa = PBXBuildFile; fileRef = 9344F69622298C960006798F /* Mobile.pbobjc.m */; settings = {COMPILER_FLAGS = "-fno-objc-arc"; }; };
		9344F6A222298C960006798F /* CafeService.pbobjc.m in Sources */ = {isa = PBXBuildFile; fileRef = 9344F69922298C960006798F /* CafeService.pbobjc.m */; settings = {COMPILER_FLAGS = "-fno-objc-arc"; }; };
		9344F6A322298C960006798F /* Mobile.framework in Frameworks */ = {isa = PBXBuildFile; fileRef = 9344F69B22298C960006798F /* Mobile.framework */; };
		9344F6A62229961E0006798F /* CommentsApi.m in Sources */ = {isa = PBXBuildFile; fileRef = 9344F6A52229961E0006798F /* CommentsApi.m */; };
		9344F6A92229984A0006798F /* ContactsApi.m in Sources */ = {isa = PBXBuildFile; fileRef = 9344F6A82229984A0006798F /* ContactsApi.m */; };
		93C532F122284B2E008DA154 /* AppDelegate.m in Sources */ = {isa = PBXBuildFile; fileRef = 93C532F022284B2E008DA154 /* AppDelegate.m */; };
		93C532F422284B2E008DA154 /* ViewController.m in Sources */ = {isa = PBXBuildFile; fileRef = 93C532F322284B2E008DA154 /* ViewController.m */; };
		93C532F722284B2E008DA154 /* Main.storyboard in Resources */ = {isa = PBXBuildFile; fileRef = 93C532F522284B2E008DA154 /* Main.storyboard */; };
		93C532F922284B2F008DA154 /* Assets.xcassets in Resources */ = {isa = PBXBuildFile; fileRef = 93C532F822284B2F008DA154 /* Assets.xcassets */; };
		93C532FC22284B2F008DA154 /* LaunchScreen.storyboard in Resources */ = {isa = PBXBuildFile; fileRef = 93C532FA22284B2F008DA154 /* LaunchScreen.storyboard */; };
		93C532FF22284B2F008DA154 /* main.m in Sources */ = {isa = PBXBuildFile; fileRef = 93C532FE22284B2F008DA154 /* main.m */; };
		93C5330D22284BD2008DA154 /* Textile.m in Sources */ = {isa = PBXBuildFile; fileRef = 93C5330C22284BD2008DA154 /* Textile.m */; };
		93C5330E22284BD2008DA154 /* Textile.h in CopyFiles */ = {isa = PBXBuildFile; fileRef = 93C5330B22284BD2008DA154 /* Textile.h */; };
/* End PBXBuildFile section */

/* Begin PBXCopyFilesBuildPhase section */
		93C5330722284BD2008DA154 /* CopyFiles */ = {
			isa = PBXCopyFilesBuildPhase;
			buildActionMask = 2147483647;
			dstPath = "include/$(PRODUCT_NAME)";
			dstSubfolderSpec = 16;
			files = (
				93C5330E22284BD2008DA154 /* Textile.h in CopyFiles */,
			);
			runOnlyForDeploymentPostprocessing = 0;
		};
/* End PBXCopyFilesBuildPhase section */

/* Begin PBXFileReference section */
		9344F55B222898A30006798F /* AccountApi.h */ = {isa = PBXFileReference; lastKnownFileType = sourcecode.c.h; path = AccountApi.h; sourceTree = "<group>"; };
		9344F55C222898A30006798F /* AccountApi.m */ = {isa = PBXFileReference; lastKnownFileType = sourcecode.c.objc; path = AccountApi.m; sourceTree = "<group>"; };
		9344F6252228A4080006798F /* GPBMessage.h */ = {isa = PBXFileReference; fileEncoding = 4; lastKnownFileType = sourcecode.c.h; path = GPBMessage.h; sourceTree = "<group>"; };
		9344F6262228A4080006798F /* GPBRuntimeTypes.h */ = {isa = PBXFileReference; fileEncoding = 4; lastKnownFileType = sourcecode.c.h; path = GPBRuntimeTypes.h; sourceTree = "<group>"; };
		9344F6272228A4080006798F /* GPBUnknownField_PackagePrivate.h */ = {isa = PBXFileReference; fileEncoding = 4; lastKnownFileType = sourcecode.c.h; path = GPBUnknownField_PackagePrivate.h; sourceTree = "<group>"; };
		9344F6282228A4080006798F /* GPBCodedOutputStream.h */ = {isa = PBXFileReference; fileEncoding = 4; lastKnownFileType = sourcecode.c.h; path = GPBCodedOutputStream.h; sourceTree = "<group>"; };
		9344F6292228A4080006798F /* GPBProtocolBuffers.h */ = {isa = PBXFileReference; fileEncoding = 4; lastKnownFileType = sourcecode.c.h; path = GPBProtocolBuffers.h; sourceTree = "<group>"; };
		9344F62A2228A4080006798F /* GPBUnknownFieldSet.h */ = {isa = PBXFileReference; fileEncoding = 4; lastKnownFileType = sourcecode.c.h; path = GPBUnknownFieldSet.h; sourceTree = "<group>"; };
		9344F62B2228A4080006798F /* GPBExtensionRegistry.h */ = {isa = PBXFileReference; fileEncoding = 4; lastKnownFileType = sourcecode.c.h; path = GPBExtensionRegistry.h; sourceTree = "<group>"; };
		9344F62C2228A4080006798F /* GPBBootstrap.h */ = {isa = PBXFileReference; fileEncoding = 4; lastKnownFileType = sourcecode.c.h; path = GPBBootstrap.h; sourceTree = "<group>"; };
		9344F62D2228A4080006798F /* GPBCodedInputStream.m */ = {isa = PBXFileReference; fileEncoding = 4; lastKnownFileType = sourcecode.c.objc; path = GPBCodedInputStream.m; sourceTree = "<group>"; };
		9344F62E2228A4080006798F /* GPBCodedOutputStream.m */ = {isa = PBXFileReference; fileEncoding = 4; lastKnownFileType = sourcecode.c.objc; path = GPBCodedOutputStream.m; sourceTree = "<group>"; };
		9344F62F2228A4080006798F /* GPBMessage_PackagePrivate.h */ = {isa = PBXFileReference; fileEncoding = 4; lastKnownFileType = sourcecode.c.h; path = GPBMessage_PackagePrivate.h; sourceTree = "<group>"; };
		9344F6302228A4080006798F /* GPBUnknownFieldSet_PackagePrivate.h */ = {isa = PBXFileReference; fileEncoding = 4; lastKnownFileType = sourcecode.c.h; path = GPBUnknownFieldSet_PackagePrivate.h; sourceTree = "<group>"; };
		9344F6312228A4080006798F /* GPBCodedInputStream_PackagePrivate.h */ = {isa = PBXFileReference; fileEncoding = 4; lastKnownFileType = sourcecode.c.h; path = GPBCodedInputStream_PackagePrivate.h; sourceTree = "<group>"; };
		9344F6322228A4080006798F /* GPBUnknownField.m */ = {isa = PBXFileReference; fileEncoding = 4; lastKnownFileType = sourcecode.c.objc; path = GPBUnknownField.m; sourceTree = "<group>"; };
		9344F6332228A4090006798F /* GPBUtilities.m */ = {isa = PBXFileReference; fileEncoding = 4; lastKnownFileType = sourcecode.c.objc; path = GPBUtilities.m; sourceTree = "<group>"; };
		9344F6342228A4090006798F /* GPBRootObject.h */ = {isa = PBXFileReference; fileEncoding = 4; lastKnownFileType = sourcecode.c.h; path = GPBRootObject.h; sourceTree = "<group>"; };
		9344F6352228A4090006798F /* GPBProtocolBuffers_RuntimeSupport.h */ = {isa = PBXFileReference; fileEncoding = 4; lastKnownFileType = sourcecode.c.h; path = GPBProtocolBuffers_RuntimeSupport.h; sourceTree = "<group>"; };
		9344F6362228A4090006798F /* GPBWellKnownTypes.h */ = {isa = PBXFileReference; fileEncoding = 4; lastKnownFileType = sourcecode.c.h; path = GPBWellKnownTypes.h; sourceTree = "<group>"; };
		9344F6372228A4090006798F /* GPBArray_PackagePrivate.h */ = {isa = PBXFileReference; fileEncoding = 4; lastKnownFileType = sourcecode.c.h; path = GPBArray_PackagePrivate.h; sourceTree = "<group>"; };
		9344F6382228A4090006798F /* GPBDescriptor.m */ = {isa = PBXFileReference; fileEncoding = 4; lastKnownFileType = sourcecode.c.objc; path = GPBDescriptor.m; sourceTree = "<group>"; };
		9344F6392228A4090006798F /* GPBRootObject.m */ = {isa = PBXFileReference; fileEncoding = 4; lastKnownFileType = sourcecode.c.objc; path = GPBRootObject.m; sourceTree = "<group>"; };
		9344F63A2228A4090006798F /* GPBArray.m */ = {isa = PBXFileReference; fileEncoding = 4; lastKnownFileType = sourcecode.c.objc; path = GPBArray.m; sourceTree = "<group>"; };
		9344F63B2228A4090006798F /* GPBRootObject_PackagePrivate.h */ = {isa = PBXFileReference; fileEncoding = 4; lastKnownFileType = sourcecode.c.h; path = GPBRootObject_PackagePrivate.h; sourceTree = "<group>"; };
		9344F63C2228A4090006798F /* GPBUtilities_PackagePrivate.h */ = {isa = PBXFileReference; fileEncoding = 4; lastKnownFileType = sourcecode.c.h; path = GPBUtilities_PackagePrivate.h; sourceTree = "<group>"; };
		9344F63D2228A4090006798F /* GPBWellKnownTypes.m */ = {isa = PBXFileReference; fileEncoding = 4; lastKnownFileType = sourcecode.c.objc; path = GPBWellKnownTypes.m; sourceTree = "<group>"; };
		9344F63E2228A4090006798F /* GPBDictionary.m */ = {isa = PBXFileReference; fileEncoding = 4; lastKnownFileType = sourcecode.c.objc; path = GPBDictionary.m; sourceTree = "<group>"; };
		9344F63F2228A4090006798F /* GPBExtensionInternals.h */ = {isa = PBXFileReference; fileEncoding = 4; lastKnownFileType = sourcecode.c.h; path = GPBExtensionInternals.h; sourceTree = "<group>"; };
		9344F6402228A4090006798F /* GPBWireFormat.h */ = {isa = PBXFileReference; fileEncoding = 4; lastKnownFileType = sourcecode.c.h; path = GPBWireFormat.h; sourceTree = "<group>"; };
		9344F6412228A4090006798F /* GPBMessage.m */ = {isa = PBXFileReference; fileEncoding = 4; lastKnownFileType = sourcecode.c.objc; path = GPBMessage.m; sourceTree = "<group>"; };
		9344F6422228A4090006798F /* GPBExtensionRegistry.m */ = {isa = PBXFileReference; fileEncoding = 4; lastKnownFileType = sourcecode.c.objc; path = GPBExtensionRegistry.m; sourceTree = "<group>"; };
		9344F6432228A40A0006798F /* GPBExtensionInternals.m */ = {isa = PBXFileReference; fileEncoding = 4; lastKnownFileType = sourcecode.c.objc; path = GPBExtensionInternals.m; sourceTree = "<group>"; };
		9344F6442228A40A0006798F /* GPBArray.h */ = {isa = PBXFileReference; fileEncoding = 4; lastKnownFileType = sourcecode.c.h; path = GPBArray.h; sourceTree = "<group>"; };
		9344F6452228A40A0006798F /* GPBWireFormat.m */ = {isa = PBXFileReference; fileEncoding = 4; lastKnownFileType = sourcecode.c.objc; path = GPBWireFormat.m; sourceTree = "<group>"; };
		9344F6462228A40A0006798F /* GPBUnknownFieldSet.m */ = {isa = PBXFileReference; fileEncoding = 4; lastKnownFileType = sourcecode.c.objc; path = GPBUnknownFieldSet.m; sourceTree = "<group>"; };
		9344F6472228A40A0006798F /* GPBDictionary.h */ = {isa = PBXFileReference; fileEncoding = 4; lastKnownFileType = sourcecode.c.h; path = GPBDictionary.h; sourceTree = "<group>"; };
		9344F6482228A40A0006798F /* GPBDictionary_PackagePrivate.h */ = {isa = PBXFileReference; fileEncoding = 4; lastKnownFileType = sourcecode.c.h; path = GPBDictionary_PackagePrivate.h; sourceTree = "<group>"; };
		9344F64B2228A40A0006798F /* Type.pbobjc.m */ = {isa = PBXFileReference; fileEncoding = 4; lastKnownFileType = sourcecode.c.objc; path = Type.pbobjc.m; sourceTree = "<group>"; };
		9344F64C2228A40A0006798F /* Timestamp.pbobjc.m */ = {isa = PBXFileReference; fileEncoding = 4; lastKnownFileType = sourcecode.c.objc; path = Timestamp.pbobjc.m; sourceTree = "<group>"; };
		9344F64D2228A40A0006798F /* Api.pbobjc.h */ = {isa = PBXFileReference; fileEncoding = 4; lastKnownFileType = sourcecode.c.h; path = Api.pbobjc.h; sourceTree = "<group>"; };
		9344F64E2228A40A0006798F /* SourceContext.pbobjc.h */ = {isa = PBXFileReference; fileEncoding = 4; lastKnownFileType = sourcecode.c.h; path = SourceContext.pbobjc.h; sourceTree = "<group>"; };
		9344F64F2228A40A0006798F /* Duration.pbobjc.h */ = {isa = PBXFileReference; fileEncoding = 4; lastKnownFileType = sourcecode.c.h; path = Duration.pbobjc.h; sourceTree = "<group>"; };
		9344F6502228A40A0006798F /* Any.pbobjc.m */ = {isa = PBXFileReference; fileEncoding = 4; lastKnownFileType = sourcecode.c.objc; path = Any.pbobjc.m; sourceTree = "<group>"; };
		9344F6512228A40A0006798F /* Empty.pbobjc.h */ = {isa = PBXFileReference; fileEncoding = 4; lastKnownFileType = sourcecode.c.h; path = Empty.pbobjc.h; sourceTree = "<group>"; };
		9344F6522228A40A0006798F /* Wrappers.pbobjc.h */ = {isa = PBXFileReference; fileEncoding = 4; lastKnownFileType = sourcecode.c.h; path = Wrappers.pbobjc.h; sourceTree = "<group>"; };
		9344F6532228A40A0006798F /* Struct.pbobjc.h */ = {isa = PBXFileReference; fileEncoding = 4; lastKnownFileType = sourcecode.c.h; path = Struct.pbobjc.h; sourceTree = "<group>"; };
		9344F6542228A40A0006798F /* FieldMask.pbobjc.h */ = {isa = PBXFileReference; fileEncoding = 4; lastKnownFileType = sourcecode.c.h; path = FieldMask.pbobjc.h; sourceTree = "<group>"; };
		9344F6552228A40A0006798F /* SourceContext.pbobjc.m */ = {isa = PBXFileReference; fileEncoding = 4; lastKnownFileType = sourcecode.c.objc; path = SourceContext.pbobjc.m; sourceTree = "<group>"; };
		9344F6562228A40A0006798F /* Api.pbobjc.m */ = {isa = PBXFileReference; fileEncoding = 4; lastKnownFileType = sourcecode.c.objc; path = Api.pbobjc.m; sourceTree = "<group>"; };
		9344F6572228A40A0006798F /* Timestamp.pbobjc.h */ = {isa = PBXFileReference; fileEncoding = 4; lastKnownFileType = sourcecode.c.h; path = Timestamp.pbobjc.h; sourceTree = "<group>"; };
		9344F6582228A40A0006798F /* Type.pbobjc.h */ = {isa = PBXFileReference; fileEncoding = 4; lastKnownFileType = sourcecode.c.h; path = Type.pbobjc.h; sourceTree = "<group>"; };
		9344F6592228A40A0006798F /* Duration.pbobjc.m */ = {isa = PBXFileReference; fileEncoding = 4; lastKnownFileType = sourcecode.c.objc; path = Duration.pbobjc.m; sourceTree = "<group>"; };
		9344F65A2228A40A0006798F /* Wrappers.pbobjc.m */ = {isa = PBXFileReference; fileEncoding = 4; lastKnownFileType = sourcecode.c.objc; path = Wrappers.pbobjc.m; sourceTree = "<group>"; };
		9344F65B2228A40A0006798F /* Empty.pbobjc.m */ = {isa = PBXFileReference; fileEncoding = 4; lastKnownFileType = sourcecode.c.objc; path = Empty.pbobjc.m; sourceTree = "<group>"; };
		9344F65C2228A40A0006798F /* Any.pbobjc.h */ = {isa = PBXFileReference; fileEncoding = 4; lastKnownFileType = sourcecode.c.h; path = Any.pbobjc.h; sourceTree = "<group>"; };
		9344F65D2228A40A0006798F /* FieldMask.pbobjc.m */ = {isa = PBXFileReference; fileEncoding = 4; lastKnownFileType = sourcecode.c.objc; path = FieldMask.pbobjc.m; sourceTree = "<group>"; };
		9344F65E2228A40A0006798F /* Struct.pbobjc.m */ = {isa = PBXFileReference; fileEncoding = 4; lastKnownFileType = sourcecode.c.objc; path = Struct.pbobjc.m; sourceTree = "<group>"; };
		9344F65F2228A40A0006798F /* GPBCodedInputStream.h */ = {isa = PBXFileReference; fileEncoding = 4; lastKnownFileType = sourcecode.c.h; path = GPBCodedInputStream.h; sourceTree = "<group>"; };
		9344F6602228A40A0006798F /* GPBDescriptor_PackagePrivate.h */ = {isa = PBXFileReference; fileEncoding = 4; lastKnownFileType = sourcecode.c.h; path = GPBDescriptor_PackagePrivate.h; sourceTree = "<group>"; };
		9344F6612228A40A0006798F /* GPBCodedOutputStream_PackagePrivate.h */ = {isa = PBXFileReference; fileEncoding = 4; lastKnownFileType = sourcecode.c.h; path = GPBCodedOutputStream_PackagePrivate.h; sourceTree = "<group>"; };
		9344F6622228A40A0006798F /* GPBDescriptor.h */ = {isa = PBXFileReference; fileEncoding = 4; lastKnownFileType = sourcecode.c.h; path = GPBDescriptor.h; sourceTree = "<group>"; };
		9344F6632228A40A0006798F /* GPBUnknownField.h */ = {isa = PBXFileReference; fileEncoding = 4; lastKnownFileType = sourcecode.c.h; path = GPBUnknownField.h; sourceTree = "<group>"; };
		9344F6642228A40B0006798F /* GPBUtilities.h */ = {isa = PBXFileReference; fileEncoding = 4; lastKnownFileType = sourcecode.c.h; path = GPBUtilities.h; sourceTree = "<group>"; };
		9344F67D2228AD360006798F /* Messenger.h */ = {isa = PBXFileReference; lastKnownFileType = sourcecode.c.h; path = Messenger.h; sourceTree = "<group>"; };
		9344F67E2228AD360006798F /* Messenger.m */ = {isa = PBXFileReference; lastKnownFileType = sourcecode.c.objc; path = Messenger.m; sourceTree = "<group>"; };
		9344F6802228B3D10006798F /* Callback.h */ = {isa = PBXFileReference; lastKnownFileType = sourcecode.c.h; path = Callback.h; sourceTree = "<group>"; };
		9344F6812228B3D10006798F /* Callback.m */ = {isa = PBXFileReference; lastKnownFileType = sourcecode.c.objc; path = Callback.m; sourceTree = "<group>"; };
		9344F6832228BF840006798F /* ApiModule.h */ = {isa = PBXFileReference; lastKnownFileType = sourcecode.c.h; path = ApiModule.h; sourceTree = "<group>"; };
		9344F6842228BF840006798F /* ApiModule.m */ = {isa = PBXFileReference; lastKnownFileType = sourcecode.c.objc; path = ApiModule.m; sourceTree = "<group>"; };
		9344F6882228C83A0006798F /* CafesApi.h */ = {isa = PBXFileReference; lastKnownFileType = sourcecode.c.h; path = CafesApi.h; sourceTree = "<group>"; };
		9344F6892228C83A0006798F /* CafesApi.m */ = {isa = PBXFileReference; lastKnownFileType = sourcecode.c.objc; path = CafesApi.m; sourceTree = "<group>"; };
		9344F68D22298C960006798F /* ThreadsService.pbobjc.m */ = {isa = PBXFileReference; fileEncoding = 4; lastKnownFileType = sourcecode.c.objc; path = ThreadsService.pbobjc.m; sourceTree = "<group>"; };
		9344F68E22298C960006798F /* Query.pbobjc.h */ = {isa = PBXFileReference; fileEncoding = 4; lastKnownFileType = sourcecode.c.h; path = Query.pbobjc.h; sourceTree = "<group>"; };
		9344F68F22298C960006798F /* Mobile.pbobjc.h */ = {isa = PBXFileReference; fileEncoding = 4; lastKnownFileType = sourcecode.c.h; path = Mobile.pbobjc.h; sourceTree = "<group>"; };
		9344F69022298C960006798F /* Message.pbobjc.m */ = {isa = PBXFileReference; fileEncoding = 4; lastKnownFileType = sourcecode.c.objc; path = Message.pbobjc.m; sourceTree = "<group>"; };
		9344F69122298C960006798F /* CafeService.pbobjc.h */ = {isa = PBXFileReference; fileEncoding = 4; lastKnownFileType = sourcecode.c.h; path = CafeService.pbobjc.h; sourceTree = "<group>"; };
		9344F69222298C960006798F /* Model.pbobjc.m */ = {isa = PBXFileReference; fileEncoding = 4; lastKnownFileType = sourcecode.c.objc; path = Model.pbobjc.m; sourceTree = "<group>"; };
		9344F69322298C960006798F /* View.pbobjc.m */ = {isa = PBXFileReference; fileEncoding = 4; lastKnownFileType = sourcecode.c.objc; path = View.pbobjc.m; sourceTree = "<group>"; };
		9344F69422298C960006798F /* Query.pbobjc.m */ = {isa = PBXFileReference; fileEncoding = 4; lastKnownFileType = sourcecode.c.objc; path = Query.pbobjc.m; sourceTree = "<group>"; };
		9344F69522298C960006798F /* ThreadsService.pbobjc.h */ = {isa = PBXFileReference; fileEncoding = 4; lastKnownFileType = sourcecode.c.h; path = ThreadsService.pbobjc.h; sourceTree = "<group>"; };
		9344F69622298C960006798F /* Mobile.pbobjc.m */ = {isa = PBXFileReference; fileEncoding = 4; lastKnownFileType = sourcecode.c.objc; path = Mobile.pbobjc.m; sourceTree = "<group>"; };
		9344F69722298C960006798F /* View.pbobjc.h */ = {isa = PBXFileReference; fileEncoding = 4; lastKnownFileType = sourcecode.c.h; path = View.pbobjc.h; sourceTree = "<group>"; };
		9344F69822298C960006798F /* Model.pbobjc.h */ = {isa = PBXFileReference; fileEncoding = 4; lastKnownFileType = sourcecode.c.h; path = Model.pbobjc.h; sourceTree = "<group>"; };
		9344F69922298C960006798F /* CafeService.pbobjc.m */ = {isa = PBXFileReference; fileEncoding = 4; lastKnownFileType = sourcecode.c.objc; path = CafeService.pbobjc.m; sourceTree = "<group>"; };
		9344F69A22298C960006798F /* Message.pbobjc.h */ = {isa = PBXFileReference; fileEncoding = 4; lastKnownFileType = sourcecode.c.h; path = Message.pbobjc.h; sourceTree = "<group>"; };
		9344F69B22298C960006798F /* Mobile.framework */ = {isa = PBXFileReference; lastKnownFileType = wrapper.framework; name = Mobile.framework; path = "node_modules/@textile/go-mobile/dist/ios/Mobile.framework"; sourceTree = SOURCE_ROOT; };
		9344F6A42229961E0006798F /* CommentsApi.h */ = {isa = PBXFileReference; lastKnownFileType = sourcecode.c.h; path = CommentsApi.h; sourceTree = "<group>"; };
		9344F6A52229961E0006798F /* CommentsApi.m */ = {isa = PBXFileReference; lastKnownFileType = sourcecode.c.objc; path = CommentsApi.m; sourceTree = "<group>"; };
		9344F6A72229984A0006798F /* ContactsApi.h */ = {isa = PBXFileReference; lastKnownFileType = sourcecode.c.h; path = ContactsApi.h; sourceTree = "<group>"; };
		9344F6A82229984A0006798F /* ContactsApi.m */ = {isa = PBXFileReference; lastKnownFileType = sourcecode.c.objc; path = ContactsApi.m; sourceTree = "<group>"; };
		93C532EC22284B2E008DA154 /* TextileApp.app */ = {isa = PBXFileReference; explicitFileType = wrapper.application; includeInIndex = 0; path = TextileApp.app; sourceTree = BUILT_PRODUCTS_DIR; };
		93C532EF22284B2E008DA154 /* AppDelegate.h */ = {isa = PBXFileReference; lastKnownFileType = sourcecode.c.h; path = AppDelegate.h; sourceTree = "<group>"; };
		93C532F022284B2E008DA154 /* AppDelegate.m */ = {isa = PBXFileReference; lastKnownFileType = sourcecode.c.objc; path = AppDelegate.m; sourceTree = "<group>"; };
		93C532F222284B2E008DA154 /* ViewController.h */ = {isa = PBXFileReference; lastKnownFileType = sourcecode.c.h; path = ViewController.h; sourceTree = "<group>"; };
		93C532F322284B2E008DA154 /* ViewController.m */ = {isa = PBXFileReference; lastKnownFileType = sourcecode.c.objc; path = ViewController.m; sourceTree = "<group>"; };
		93C532F622284B2E008DA154 /* Base */ = {isa = PBXFileReference; lastKnownFileType = file.storyboard; name = Base; path = Base.lproj/Main.storyboard; sourceTree = "<group>"; };
		93C532F822284B2F008DA154 /* Assets.xcassets */ = {isa = PBXFileReference; lastKnownFileType = folder.assetcatalog; path = Assets.xcassets; sourceTree = "<group>"; };
		93C532FB22284B2F008DA154 /* Base */ = {isa = PBXFileReference; lastKnownFileType = file.storyboard; name = Base; path = Base.lproj/LaunchScreen.storyboard; sourceTree = "<group>"; };
		93C532FD22284B2F008DA154 /* Info.plist */ = {isa = PBXFileReference; lastKnownFileType = text.plist.xml; path = Info.plist; sourceTree = "<group>"; };
		93C532FE22284B2F008DA154 /* main.m */ = {isa = PBXFileReference; lastKnownFileType = sourcecode.c.objc; path = main.m; sourceTree = "<group>"; };
		93C5330922284BD2008DA154 /* libTextile.a */ = {isa = PBXFileReference; explicitFileType = archive.ar; includeInIndex = 0; path = libTextile.a; sourceTree = BUILT_PRODUCTS_DIR; };
		93C5330B22284BD2008DA154 /* Textile.h */ = {isa = PBXFileReference; lastKnownFileType = sourcecode.c.h; path = Textile.h; sourceTree = "<group>"; };
		93C5330C22284BD2008DA154 /* Textile.m */ = {isa = PBXFileReference; lastKnownFileType = sourcecode.c.objc; path = Textile.m; sourceTree = "<group>"; };
/* End PBXFileReference section */

/* Begin PBXFrameworksBuildPhase section */
		93C532E922284B2E008DA154 /* Frameworks */ = {
			isa = PBXFrameworksBuildPhase;
			buildActionMask = 2147483647;
			files = (
				9344F6872228C7390006798F /* libTextile.a in Frameworks */,
			);
			runOnlyForDeploymentPostprocessing = 0;
		};
		93C5330622284BD2008DA154 /* Frameworks */ = {
			isa = PBXFrameworksBuildPhase;
			buildActionMask = 2147483647;
			files = (
				9344F6A322298C960006798F /* Mobile.framework in Frameworks */,
			);
			runOnlyForDeploymentPostprocessing = 0;
		};
/* End PBXFrameworksBuildPhase section */

/* Begin PBXGroup section */
		9344F57822289DF20006798F /* Protobuf */ = {
			isa = PBXGroup;
			children = (
				9344F6502228A40A0006798F /* Any.pbobjc.m */,
				9344F64C2228A40A0006798F /* Timestamp.pbobjc.m */,
				9344F64B2228A40A0006798F /* Type.pbobjc.m */,
				9344F6552228A40A0006798F /* SourceContext.pbobjc.m */,
				9344F6562228A40A0006798F /* Api.pbobjc.m */,
				9344F6592228A40A0006798F /* Duration.pbobjc.m */,
				9344F65D2228A40A0006798F /* FieldMask.pbobjc.m */,
				9344F65E2228A40A0006798F /* Struct.pbobjc.m */,
				9344F65B2228A40A0006798F /* Empty.pbobjc.m */,
				9344F65A2228A40A0006798F /* Wrappers.pbobjc.m */,
				9344F6372228A4090006798F /* GPBArray_PackagePrivate.h */,
				9344F6442228A40A0006798F /* GPBArray.h */,
				9344F63A2228A4090006798F /* GPBArray.m */,
				9344F62C2228A4080006798F /* GPBBootstrap.h */,
				9344F6312228A4080006798F /* GPBCodedInputStream_PackagePrivate.h */,
				9344F65F2228A40A0006798F /* GPBCodedInputStream.h */,
				9344F62D2228A4080006798F /* GPBCodedInputStream.m */,
				9344F6612228A40A0006798F /* GPBCodedOutputStream_PackagePrivate.h */,
				9344F6282228A4080006798F /* GPBCodedOutputStream.h */,
				9344F62E2228A4080006798F /* GPBCodedOutputStream.m */,
				9344F6602228A40A0006798F /* GPBDescriptor_PackagePrivate.h */,
				9344F6622228A40A0006798F /* GPBDescriptor.h */,
				9344F6382228A4090006798F /* GPBDescriptor.m */,
				9344F6482228A40A0006798F /* GPBDictionary_PackagePrivate.h */,
				9344F6472228A40A0006798F /* GPBDictionary.h */,
				9344F63E2228A4090006798F /* GPBDictionary.m */,
				9344F63F2228A4090006798F /* GPBExtensionInternals.h */,
				9344F6432228A40A0006798F /* GPBExtensionInternals.m */,
				9344F62B2228A4080006798F /* GPBExtensionRegistry.h */,
				9344F6422228A4090006798F /* GPBExtensionRegistry.m */,
				9344F62F2228A4080006798F /* GPBMessage_PackagePrivate.h */,
				9344F6252228A4080006798F /* GPBMessage.h */,
				9344F6412228A4090006798F /* GPBMessage.m */,
				9344F6352228A4090006798F /* GPBProtocolBuffers_RuntimeSupport.h */,
				9344F6292228A4080006798F /* GPBProtocolBuffers.h */,
				9344F63B2228A4090006798F /* GPBRootObject_PackagePrivate.h */,
				9344F6342228A4090006798F /* GPBRootObject.h */,
				9344F6392228A4090006798F /* GPBRootObject.m */,
				9344F6262228A4080006798F /* GPBRuntimeTypes.h */,
				9344F6272228A4080006798F /* GPBUnknownField_PackagePrivate.h */,
				9344F6632228A40A0006798F /* GPBUnknownField.h */,
				9344F6322228A4080006798F /* GPBUnknownField.m */,
				9344F6302228A4080006798F /* GPBUnknownFieldSet_PackagePrivate.h */,
				9344F62A2228A4080006798F /* GPBUnknownFieldSet.h */,
				9344F6462228A40A0006798F /* GPBUnknownFieldSet.m */,
				9344F63C2228A4090006798F /* GPBUtilities_PackagePrivate.h */,
				9344F6642228A40B0006798F /* GPBUtilities.h */,
				9344F6332228A4090006798F /* GPBUtilities.m */,
				9344F6362228A4090006798F /* GPBWellKnownTypes.h */,
				9344F63D2228A4090006798F /* GPBWellKnownTypes.m */,
				9344F6402228A4090006798F /* GPBWireFormat.h */,
				9344F6452228A40A0006798F /* GPBWireFormat.m */,
				9344F6492228A40A0006798F /* google */,
			);
			path = Protobuf;
			sourceTree = "<group>";
		};
		9344F6492228A40A0006798F /* google */ = {
			isa = PBXGroup;
			children = (
				9344F64A2228A40A0006798F /* protobuf */,
			);
			path = google;
			sourceTree = "<group>";
		};
		9344F64A2228A40A0006798F /* protobuf */ = {
			isa = PBXGroup;
			children = (
				9344F64D2228A40A0006798F /* Api.pbobjc.h */,
				9344F64E2228A40A0006798F /* SourceContext.pbobjc.h */,
				9344F64F2228A40A0006798F /* Duration.pbobjc.h */,
				9344F6512228A40A0006798F /* Empty.pbobjc.h */,
				9344F6522228A40A0006798F /* Wrappers.pbobjc.h */,
				9344F6532228A40A0006798F /* Struct.pbobjc.h */,
				9344F6542228A40A0006798F /* FieldMask.pbobjc.h */,
				9344F6572228A40A0006798F /* Timestamp.pbobjc.h */,
				9344F6582228A40A0006798F /* Type.pbobjc.h */,
				9344F65C2228A40A0006798F /* Any.pbobjc.h */,
			);
			path = protobuf;
			sourceTree = "<group>";
		};
		9344F68B22298C640006798F /* Framework */ = {
			isa = PBXGroup;
			children = (
				9344F69B22298C960006798F /* Mobile.framework */,
				9344F68C22298C960006798F /* protos */,
			);
			name = Framework;
			sourceTree = "<group>";
		};
		9344F68C22298C960006798F /* protos */ = {
			isa = PBXGroup;
			children = (
				9344F68D22298C960006798F /* ThreadsService.pbobjc.m */,
				9344F68E22298C960006798F /* Query.pbobjc.h */,
				9344F68F22298C960006798F /* Mobile.pbobjc.h */,
				9344F69022298C960006798F /* Message.pbobjc.m */,
				9344F69122298C960006798F /* CafeService.pbobjc.h */,
				9344F69222298C960006798F /* Model.pbobjc.m */,
				9344F69322298C960006798F /* View.pbobjc.m */,
				9344F69422298C960006798F /* Query.pbobjc.m */,
				9344F69522298C960006798F /* ThreadsService.pbobjc.h */,
				9344F69622298C960006798F /* Mobile.pbobjc.m */,
				9344F69722298C960006798F /* View.pbobjc.h */,
				9344F69822298C960006798F /* Model.pbobjc.h */,
				9344F69922298C960006798F /* CafeService.pbobjc.m */,
				9344F69A22298C960006798F /* Message.pbobjc.h */,
			);
			name = protos;
			path = "node_modules/@textile/go-mobile/dist/ios/protos";
			sourceTree = SOURCE_ROOT;
		};
		93C532E322284B2E008DA154 = {
			isa = PBXGroup;
			children = (
				93C532EE22284B2E008DA154 /* TextileApp */,
				93C5330A22284BD2008DA154 /* Textile */,
				93C532ED22284B2E008DA154 /* Products */,
			);
			sourceTree = "<group>";
		};
		93C532ED22284B2E008DA154 /* Products */ = {
			isa = PBXGroup;
			children = (
				93C532EC22284B2E008DA154 /* TextileApp.app */,
				93C5330922284BD2008DA154 /* libTextile.a */,
			);
			name = Products;
			sourceTree = "<group>";
		};
		93C532EE22284B2E008DA154 /* TextileApp */ = {
			isa = PBXGroup;
			children = (
				93C532EF22284B2E008DA154 /* AppDelegate.h */,
				93C532F022284B2E008DA154 /* AppDelegate.m */,
				93C532F222284B2E008DA154 /* ViewController.h */,
				93C532F322284B2E008DA154 /* ViewController.m */,
				93C532F522284B2E008DA154 /* Main.storyboard */,
				93C532F822284B2F008DA154 /* Assets.xcassets */,
				93C532FA22284B2F008DA154 /* LaunchScreen.storyboard */,
				93C532FD22284B2F008DA154 /* Info.plist */,
				93C532FE22284B2F008DA154 /* main.m */,
			);
			path = TextileApp;
			sourceTree = "<group>";
		};
		93C5330A22284BD2008DA154 /* Textile */ = {
			isa = PBXGroup;
			children = (
				9344F68B22298C640006798F /* Framework */,
				9344F57822289DF20006798F /* Protobuf */,
				9344F67D2228AD360006798F /* Messenger.h */,
				9344F67E2228AD360006798F /* Messenger.m */,
				9344F6802228B3D10006798F /* Callback.h */,
				9344F6812228B3D10006798F /* Callback.m */,
				93C5330B22284BD2008DA154 /* Textile.h */,
				93C5330C22284BD2008DA154 /* Textile.m */,
				9344F6832228BF840006798F /* ApiModule.h */,
				9344F6842228BF840006798F /* ApiModule.m */,
				9344F55B222898A30006798F /* AccountApi.h */,
				9344F55C222898A30006798F /* AccountApi.m */,
				9344F6882228C83A0006798F /* CafesApi.h */,
				9344F6892228C83A0006798F /* CafesApi.m */,
				9344F6A42229961E0006798F /* CommentsApi.h */,
				9344F6A52229961E0006798F /* CommentsApi.m */,
				9344F6A72229984A0006798F /* ContactsApi.h */,
				9344F6A82229984A0006798F /* ContactsApi.m */,
			);
			path = Textile;
			sourceTree = "<group>";
		};
/* End PBXGroup section */

/* Begin PBXNativeTarget section */
		93C532EB22284B2E008DA154 /* TextileApp */ = {
			isa = PBXNativeTarget;
			buildConfigurationList = 93C5330222284B2F008DA154 /* Build configuration list for PBXNativeTarget "TextileApp" */;
			buildPhases = (
				93C532E822284B2E008DA154 /* Sources */,
				93C532E922284B2E008DA154 /* Frameworks */,
				93C532EA22284B2E008DA154 /* Resources */,
			);
			buildRules = (
			);
			dependencies = (
			);
			name = TextileApp;
			productName = TextileApp;
			productReference = 93C532EC22284B2E008DA154 /* TextileApp.app */;
			productType = "com.apple.product-type.application";
		};
		93C5330822284BD2008DA154 /* Textile */ = {
			isa = PBXNativeTarget;
			buildConfigurationList = 93C5330F22284BD2008DA154 /* Build configuration list for PBXNativeTarget "Textile" */;
			buildPhases = (
				93C5330522284BD2008DA154 /* Sources */,
				93C5330622284BD2008DA154 /* Frameworks */,
				93C5330722284BD2008DA154 /* CopyFiles */,
			);
			buildRules = (
			);
			dependencies = (
			);
			name = Textile;
			productName = Textile;
			productReference = 93C5330922284BD2008DA154 /* libTextile.a */;
			productType = "com.apple.product-type.library.static";
		};
/* End PBXNativeTarget section */

/* Begin PBXProject section */
		93C532E422284B2E008DA154 /* Project object */ = {
			isa = PBXProject;
			attributes = {
				LastUpgradeCheck = 1010;
				ORGANIZATIONNAME = Textile;
				TargetAttributes = {
					93C532EB22284B2E008DA154 = {
						CreatedOnToolsVersion = 10.1;
					};
					93C5330822284BD2008DA154 = {
						CreatedOnToolsVersion = 10.1;
					};
				};
			};
			buildConfigurationList = 93C532E722284B2E008DA154 /* Build configuration list for PBXProject "Textile" */;
			compatibilityVersion = "Xcode 9.3";
			developmentRegion = en;
			hasScannedForEncodings = 0;
			knownRegions = (
				en,
				Base,
			);
			mainGroup = 93C532E322284B2E008DA154;
			productRefGroup = 93C532ED22284B2E008DA154 /* Products */;
			projectDirPath = "";
			projectRoot = "";
			targets = (
				93C532EB22284B2E008DA154 /* TextileApp */,
				93C5330822284BD2008DA154 /* Textile */,
			);
		};
/* End PBXProject section */

/* Begin PBXResourcesBuildPhase section */
		93C532EA22284B2E008DA154 /* Resources */ = {
			isa = PBXResourcesBuildPhase;
			buildActionMask = 2147483647;
			files = (
				93C532FC22284B2F008DA154 /* LaunchScreen.storyboard in Resources */,
				93C532F922284B2F008DA154 /* Assets.xcassets in Resources */,
				93C532F722284B2E008DA154 /* Main.storyboard in Resources */,
			);
			runOnlyForDeploymentPostprocessing = 0;
		};
/* End PBXResourcesBuildPhase section */

/* Begin PBXSourcesBuildPhase section */
		93C532E822284B2E008DA154 /* Sources */ = {
			isa = PBXSourcesBuildPhase;
			buildActionMask = 2147483647;
			files = (
				93C532F422284B2E008DA154 /* ViewController.m in Sources */,
				93C532FF22284B2F008DA154 /* main.m in Sources */,
				93C532F122284B2E008DA154 /* AppDelegate.m in Sources */,
			);
			runOnlyForDeploymentPostprocessing = 0;
		};
		93C5330522284BD2008DA154 /* Sources */ = {
			isa = PBXSourcesBuildPhase;
			buildActionMask = 2147483647;
			files = (
				9344F66D2228A40B0006798F /* GPBDictionary.m in Sources */,
				9344F67A2228A40B0006798F /* Empty.pbobjc.m in Sources */,
				9344F69C22298C960006798F /* ThreadsService.pbobjc.m in Sources */,
				9344F6792228A40B0006798F /* Wrappers.pbobjc.m in Sources */,
				9344F6A122298C960006798F /* Mobile.pbobjc.m in Sources */,
				9344F6722228A40B0006798F /* GPBUnknownFieldSet.m in Sources */,
				93C5330D22284BD2008DA154 /* Textile.m in Sources */,
				9344F66E2228A40B0006798F /* GPBMessage.m in Sources */,
				9344F6762228A40B0006798F /* SourceContext.pbobjc.m in Sources */,
				9344F55D222898A30006798F /* AccountApi.m in Sources */,
				9344F6732228A40B0006798F /* Type.pbobjc.m in Sources */,
				9344F66C2228A40B0006798F /* GPBWellKnownTypes.m in Sources */,
				9344F6A62229961E0006798F /* CommentsApi.m in Sources */,
				9344F6772228A40B0006798F /* Api.pbobjc.m in Sources */,
				9344F6852228BF840006798F /* ApiModule.m in Sources */,
				9344F67C2228A40B0006798F /* Struct.pbobjc.m in Sources */,
				9344F69D22298C960006798F /* Message.pbobjc.m in Sources */,
				9344F69F22298C960006798F /* View.pbobjc.m in Sources */,
				9344F6A222298C960006798F /* CafeService.pbobjc.m in Sources */,
				9344F66F2228A40B0006798F /* GPBExtensionRegistry.m in Sources */,
				9344F69E22298C960006798F /* Model.pbobjc.m in Sources */,
				9344F66A2228A40B0006798F /* GPBRootObject.m in Sources */,
				9344F6682228A40B0006798F /* GPBUtilities.m in Sources */,
				9344F6692228A40B0006798F /* GPBDescriptor.m in Sources */,
				9344F68A2228C83A0006798F /* CafesApi.m in Sources */,
				9344F6782228A40B0006798F /* Duration.pbobjc.m in Sources */,
				9344F6822228B3D10006798F /* Callback.m in Sources */,
				9344F6702228A40B0006798F /* GPBExtensionInternals.m in Sources */,
				9344F6742228A40B0006798F /* Timestamp.pbobjc.m in Sources */,
				9344F6652228A40B0006798F /* GPBCodedInputStream.m in Sources */,
				9344F6672228A40B0006798F /* GPBUnknownField.m in Sources */,
				9344F66B2228A40B0006798F /* GPBArray.m in Sources */,
				9344F67B2228A40B0006798F /* FieldMask.pbobjc.m in Sources */,
				9344F6712228A40B0006798F /* GPBWireFormat.m in Sources */,
				9344F6662228A40B0006798F /* GPBCodedOutputStream.m in Sources */,
				9344F6752228A40B0006798F /* Any.pbobjc.m in Sources */,
				9344F6A92229984A0006798F /* ContactsApi.m in Sources */,
				9344F6A022298C960006798F /* Query.pbobjc.m in Sources */,
				9344F67F2228AD360006798F /* Messenger.m in Sources */,
			);
			runOnlyForDeploymentPostprocessing = 0;
		};
/* End PBXSourcesBuildPhase section */

/* Begin PBXVariantGroup section */
		93C532F522284B2E008DA154 /* Main.storyboard */ = {
			isa = PBXVariantGroup;
			children = (
				93C532F622284B2E008DA154 /* Base */,
			);
			name = Main.storyboard;
			sourceTree = "<group>";
		};
		93C532FA22284B2F008DA154 /* LaunchScreen.storyboard */ = {
			isa = PBXVariantGroup;
			children = (
				93C532FB22284B2F008DA154 /* Base */,
			);
			name = LaunchScreen.storyboard;
			sourceTree = "<group>";
		};
/* End PBXVariantGroup section */

/* Begin XCBuildConfiguration section */
		93C5330022284B2F008DA154 /* Debug */ = {
			isa = XCBuildConfiguration;
			buildSettings = {
				ALWAYS_SEARCH_USER_PATHS = NO;
				CLANG_ANALYZER_NONNULL = YES;
				CLANG_ANALYZER_NUMBER_OBJECT_CONVERSION = YES_AGGRESSIVE;
				CLANG_CXX_LANGUAGE_STANDARD = "gnu++14";
				CLANG_CXX_LIBRARY = "libc++";
				CLANG_ENABLE_MODULES = YES;
				CLANG_ENABLE_OBJC_ARC = YES;
				CLANG_ENABLE_OBJC_WEAK = YES;
				CLANG_WARN_BLOCK_CAPTURE_AUTORELEASING = YES;
				CLANG_WARN_BOOL_CONVERSION = YES;
				CLANG_WARN_COMMA = YES;
				CLANG_WARN_CONSTANT_CONVERSION = YES;
				CLANG_WARN_DEPRECATED_OBJC_IMPLEMENTATIONS = YES;
				CLANG_WARN_DIRECT_OBJC_ISA_USAGE = YES_ERROR;
				CLANG_WARN_DOCUMENTATION_COMMENTS = YES;
				CLANG_WARN_EMPTY_BODY = YES;
				CLANG_WARN_ENUM_CONVERSION = YES;
				CLANG_WARN_INFINITE_RECURSION = YES;
				CLANG_WARN_INT_CONVERSION = YES;
				CLANG_WARN_NON_LITERAL_NULL_CONVERSION = YES;
				CLANG_WARN_OBJC_IMPLICIT_RETAIN_SELF = YES;
				CLANG_WARN_OBJC_LITERAL_CONVERSION = YES;
				CLANG_WARN_OBJC_ROOT_CLASS = YES_ERROR;
				CLANG_WARN_RANGE_LOOP_ANALYSIS = YES;
				CLANG_WARN_STRICT_PROTOTYPES = YES;
				CLANG_WARN_SUSPICIOUS_MOVE = YES;
				CLANG_WARN_UNGUARDED_AVAILABILITY = YES_AGGRESSIVE;
				CLANG_WARN_UNREACHABLE_CODE = YES;
				CLANG_WARN__DUPLICATE_METHOD_MATCH = YES;
				CODE_SIGN_IDENTITY = "iPhone Developer";
				COPY_PHASE_STRIP = NO;
				DEBUG_INFORMATION_FORMAT = dwarf;
				ENABLE_STRICT_OBJC_MSGSEND = YES;
				ENABLE_TESTABILITY = YES;
				GCC_C_LANGUAGE_STANDARD = gnu11;
				GCC_DYNAMIC_NO_PIC = NO;
				GCC_NO_COMMON_BLOCKS = YES;
				GCC_OPTIMIZATION_LEVEL = 0;
				GCC_PREPROCESSOR_DEFINITIONS = (
					"DEBUG=1",
					"$(inherited)",
				);
				GCC_WARN_64_TO_32_BIT_CONVERSION = YES;
				GCC_WARN_ABOUT_RETURN_TYPE = YES_ERROR;
				GCC_WARN_UNDECLARED_SELECTOR = YES;
				GCC_WARN_UNINITIALIZED_AUTOS = YES_AGGRESSIVE;
				GCC_WARN_UNUSED_FUNCTION = YES;
				GCC_WARN_UNUSED_VARIABLE = YES;
				IPHONEOS_DEPLOYMENT_TARGET = 12.1;
				MTL_ENABLE_DEBUG_INFO = INCLUDE_SOURCE;
				MTL_FAST_MATH = YES;
				ONLY_ACTIVE_ARCH = YES;
				SDKROOT = iphoneos;
			};
			name = Debug;
		};
		93C5330122284B2F008DA154 /* Release */ = {
			isa = XCBuildConfiguration;
			buildSettings = {
				ALWAYS_SEARCH_USER_PATHS = NO;
				CLANG_ANALYZER_NONNULL = YES;
				CLANG_ANALYZER_NUMBER_OBJECT_CONVERSION = YES_AGGRESSIVE;
				CLANG_CXX_LANGUAGE_STANDARD = "gnu++14";
				CLANG_CXX_LIBRARY = "libc++";
				CLANG_ENABLE_MODULES = YES;
				CLANG_ENABLE_OBJC_ARC = YES;
				CLANG_ENABLE_OBJC_WEAK = YES;
				CLANG_WARN_BLOCK_CAPTURE_AUTORELEASING = YES;
				CLANG_WARN_BOOL_CONVERSION = YES;
				CLANG_WARN_COMMA = YES;
				CLANG_WARN_CONSTANT_CONVERSION = YES;
				CLANG_WARN_DEPRECATED_OBJC_IMPLEMENTATIONS = YES;
				CLANG_WARN_DIRECT_OBJC_ISA_USAGE = YES_ERROR;
				CLANG_WARN_DOCUMENTATION_COMMENTS = YES;
				CLANG_WARN_EMPTY_BODY = YES;
				CLANG_WARN_ENUM_CONVERSION = YES;
				CLANG_WARN_INFINITE_RECURSION = YES;
				CLANG_WARN_INT_CONVERSION = YES;
				CLANG_WARN_NON_LITERAL_NULL_CONVERSION = YES;
				CLANG_WARN_OBJC_IMPLICIT_RETAIN_SELF = YES;
				CLANG_WARN_OBJC_LITERAL_CONVERSION = YES;
				CLANG_WARN_OBJC_ROOT_CLASS = YES_ERROR;
				CLANG_WARN_RANGE_LOOP_ANALYSIS = YES;
				CLANG_WARN_STRICT_PROTOTYPES = YES;
				CLANG_WARN_SUSPICIOUS_MOVE = YES;
				CLANG_WARN_UNGUARDED_AVAILABILITY = YES_AGGRESSIVE;
				CLANG_WARN_UNREACHABLE_CODE = YES;
				CLANG_WARN__DUPLICATE_METHOD_MATCH = YES;
				CODE_SIGN_IDENTITY = "iPhone Developer";
				COPY_PHASE_STRIP = NO;
				DEBUG_INFORMATION_FORMAT = "dwarf-with-dsym";
				ENABLE_NS_ASSERTIONS = NO;
				ENABLE_STRICT_OBJC_MSGSEND = YES;
				GCC_C_LANGUAGE_STANDARD = gnu11;
				GCC_NO_COMMON_BLOCKS = YES;
				GCC_WARN_64_TO_32_BIT_CONVERSION = YES;
				GCC_WARN_ABOUT_RETURN_TYPE = YES_ERROR;
				GCC_WARN_UNDECLARED_SELECTOR = YES;
				GCC_WARN_UNINITIALIZED_AUTOS = YES_AGGRESSIVE;
				GCC_WARN_UNUSED_FUNCTION = YES;
				GCC_WARN_UNUSED_VARIABLE = YES;
				IPHONEOS_DEPLOYMENT_TARGET = 12.1;
				MTL_ENABLE_DEBUG_INFO = NO;
				MTL_FAST_MATH = YES;
				SDKROOT = iphoneos;
				VALIDATE_PRODUCT = YES;
			};
			name = Release;
		};
		93C5330322284B2F008DA154 /* Debug */ = {
			isa = XCBuildConfiguration;
			buildSettings = {
				ASSETCATALOG_COMPILER_APPICON_NAME = AppIcon;
				CODE_SIGN_STYLE = Automatic;
				DEVELOPMENT_TEAM = 5VHA5U5FY8;
				INFOPLIST_FILE = TextileApp/Info.plist;
				LD_RUNPATH_SEARCH_PATHS = (
					"$(inherited)",
					"@executable_path/Frameworks",
				);
				PRODUCT_BUNDLE_IDENTIFIER = io.textile.TextileApp;
				PRODUCT_NAME = "$(TARGET_NAME)";
				TARGETED_DEVICE_FAMILY = "1,2";
			};
			name = Debug;
		};
		93C5330422284B2F008DA154 /* Release */ = {
			isa = XCBuildConfiguration;
			buildSettings = {
				ASSETCATALOG_COMPILER_APPICON_NAME = AppIcon;
				CODE_SIGN_STYLE = Automatic;
				DEVELOPMENT_TEAM = 5VHA5U5FY8;
				INFOPLIST_FILE = TextileApp/Info.plist;
				LD_RUNPATH_SEARCH_PATHS = (
					"$(inherited)",
					"@executable_path/Frameworks",
				);
				PRODUCT_BUNDLE_IDENTIFIER = io.textile.TextileApp;
				PRODUCT_NAME = "$(TARGET_NAME)";
				TARGETED_DEVICE_FAMILY = "1,2";
			};
			name = Release;
		};
		93C5331022284BD2008DA154 /* Debug */ = {
			isa = XCBuildConfiguration;
			buildSettings = {
				CODE_SIGN_STYLE = Automatic;
				DEVELOPMENT_TEAM = 5VHA5U5FY8;
				FRAMEWORK_SEARCH_PATHS = (
					"$(inherited)",
					"$(PROJECT_DIR)/Textile/Framework",
					"$(PROJECT_DIR)/node_modules/@textile/go-mobile/dist/ios",
				);
				OTHER_LDFLAGS = "-ObjC";
				PRODUCT_NAME = "$(TARGET_NAME)";
				SKIP_INSTALL = YES;
				TARGETED_DEVICE_FAMILY = "1,2";
			};
			name = Debug;
		};
		93C5331122284BD2008DA154 /* Release */ = {
			isa = XCBuildConfiguration;
			buildSettings = {
				CODE_SIGN_STYLE = Automatic;
				DEVELOPMENT_TEAM = 5VHA5U5FY8;
				FRAMEWORK_SEARCH_PATHS = (
					"$(inherited)",
					"$(PROJECT_DIR)/Textile/Framework",
					"$(PROJECT_DIR)/node_modules/@textile/go-mobile/dist/ios",
				);
				OTHER_LDFLAGS = "-ObjC";
				PRODUCT_NAME = "$(TARGET_NAME)";
				SKIP_INSTALL = YES;
				TARGETED_DEVICE_FAMILY = "1,2";
			};
			name = Release;
		};
/* End XCBuildConfiguration section */

/* Begin XCConfigurationList section */
		93C532E722284B2E008DA154 /* Build configuration list for PBXProject "Textile" */ = {
			isa = XCConfigurationList;
			buildConfigurations = (
				93C5330022284B2F008DA154 /* Debug */,
				93C5330122284B2F008DA154 /* Release */,
			);
			defaultConfigurationIsVisible = 0;
			defaultConfigurationName = Release;
		};
		93C5330222284B2F008DA154 /* Build configuration list for PBXNativeTarget "TextileApp" */ = {
			isa = XCConfigurationList;
			buildConfigurations = (
				93C5330322284B2F008DA154 /* Debug */,
				93C5330422284B2F008DA154 /* Release */,
			);
			defaultConfigurationIsVisible = 0;
			defaultConfigurationName = Release;
		};
		93C5330F22284BD2008DA154 /* Build configuration list for PBXNativeTarget "Textile" */ = {
			isa = XCConfigurationList;
			buildConfigurations = (
				93C5331022284BD2008DA154 /* Debug */,
				93C5331122284BD2008DA154 /* Release */,
			);
			defaultConfigurationIsVisible = 0;
			defaultConfigurationName = Release;
		};
/* End XCConfigurationList section */
	};
	rootObject = 93C532E422284B2E008DA154 /* Project object */;
}
